PODS:
  - BmobSDK (1.7.2)
  - Kingfisher (3.0.1)
  - MBProgressHUD (1.0.0)

DEPENDENCIES:
  - BmobSDK
  - Kingfisher
  - MBProgressHUD

SPEC CHECKSUMS:
  BmobSDK: e188cb31d6a8417ab668aee821da227d7512b865
  Kingfisher: d5a491b45ea453d90a31bd2c0831d5243e73a73f
  MBProgressHUD: 4890f671c94e8a0f3cf959aa731e9de2f036d71a

PODFILE CHECKSUM: 3b601685694312e04825210143c92286389e289d

COCOAPODS: 1.0.1
