// !$*UTF8*$!
{
	archiveVersion = 1;
	classes = {
	};
	objectVersion = 46;
	objects = {

/* Begin PBXBuildFile section */
		2918C33AC2DA7E0014EA3EEC /* Pods_YXVideoCapture.framework in Frameworks */ = {isa = PBXBuildFile; fileRef = B463DA807075BD5028F7737F /* Pods_YXVideoCapture.framework */; };
		42AB870F1D9371F7002BC66C /* Photos.framework in Frameworks */ = {isa = PBXBuildFile; fileRef = 42AB870E1D9371F7002BC66C /* Photos.framework */; };
		42AB87111D9377FB002BC66C /* AssetsLibrary.framework in Frameworks */ = {isa = PBXBuildFile; fileRef = 42AB87101D9377FB002BC66C /* AssetsLibrary.framework */; };
		42C2333F1D9284B500457144 /* CameraController.swift in Sources */ = {isa = PBXBuildFile; fileRef = 42C2333E1D9284B500457144 /* CameraController.swift */; };
		42C233411D92852400457144 /* PreviewView.swift in Sources */ = {isa = PBXBuildFile; fileRef = 42C233401D92852400457144 /* PreviewView.swift */; };
		42C233431D92865400457144 /* AVFoundation.framework in Frameworks */ = {isa = PBXBuildFile; fileRef = 42C233421D92865400457144 /* AVFoundation.framework */; };
		42C233451D92865E00457144 /* AudioToolbox.framework in Frameworks */ = {isa = PBXBuildFile; fileRef = 42C233441D92865E00457144 /* AudioToolbox.framework */; };
		42C233491D92BD8C00457144 /* NSFileManager+THAdditions.m in Sources */ = {isa = PBXBuildFile; fileRef = 42C233481D92BD8C00457144 /* NSFileManager+THAdditions.m */; };
		8423C6CF1D90D7DB005CCCC9 /* YXBaseViewController.swift in Sources */ = {isa = PBXBuildFile; fileRef = 8423C6CE1D90D7DB005CCCC9 /* YXBaseViewController.swift */; };
		843C7C331D90345000FD8244 /* VCVideoPreviewsViewController.swift in Sources */ = {isa = PBXBuildFile; fileRef = 843C7C321D90345000FD8244 /* VCVideoPreviewsViewController.swift */; };
		843FC47F1D938CAF00AF61C3 /* YXHomeCollectionViewCell.swift in Sources */ = {isa = PBXBuildFile; fileRef = 843FC47E1D938CAF00AF61C3 /* YXHomeCollectionViewCell.swift */; };
		844D71EA1D93FF6500341A1A /* 日记.txt in Resources */ = {isa = PBXBuildFile; fileRef = 844D71E91D93FF6500341A1A /* 日记.txt */; };
		84697D971D8E885A0055656A /* AppDelegate.swift in Sources */ = {isa = PBXBuildFile; fileRef = 84697D961D8E885A0055656A /* AppDelegate.swift */; };
		84697D9C1D8E885A0055656A /* Main.storyboard in Resources */ = {isa = PBXBuildFile; fileRef = 84697D9A1D8E885A0055656A /* Main.storyboard */; };
		84697D9E1D8E885A0055656A /* Assets.xcassets in Resources */ = {isa = PBXBuildFile; fileRef = 84697D9D1D8E885A0055656A /* Assets.xcassets */; };
		84697DA11D8E885A0055656A /* LaunchScreen.storyboard in Resources */ = {isa = PBXBuildFile; fileRef = 84697D9F1D8E885A0055656A /* LaunchScreen.storyboard */; };
		84697DAD1D8E888B0055656A /* VCBaseNavigationViewController.swift in Sources */ = {isa = PBXBuildFile; fileRef = 84697DA91D8E888B0055656A /* VCBaseNavigationViewController.swift */; };
		84697DAE1D8E888B0055656A /* VCCamerViewController.swift in Sources */ = {isa = PBXBuildFile; fileRef = 84697DAA1D8E888B0055656A /* VCCamerViewController.swift */; };
		84697DAF1D8E888B0055656A /* VCHomeViewController.swift in Sources */ = {isa = PBXBuildFile; fileRef = 84697DAB1D8E888B0055656A /* VCHomeViewController.swift */; };
		84697DB01D8E888B0055656A /* VCTabBarController.swift in Sources */ = {isa = PBXBuildFile; fileRef = 84697DAC1D8E888B0055656A /* VCTabBarController.swift */; };
		84697DB41D8E889E0055656A /* VCTools.swift in Sources */ = {isa = PBXBuildFile; fileRef = 84697DB21D8E889E0055656A /* VCTools.swift */; };
		848E8BD91D94C6E400BE9B90 /* temp.mp4 in Resources */ = {isa = PBXBuildFile; fileRef = 848E8BD81D94C6E400BE9B90 /* temp.mp4 */; };
		848E8BDE1D94CAFB00BE9B90 /* VCLoginViewContoller.swift in Sources */ = {isa = PBXBuildFile; fileRef = 848E8BDD1D94CAFB00BE9B90 /* VCLoginViewContoller.swift */; };
		8493DB891D92C1B200AEA892 /* CoreLocation.framework in Frameworks */ = {isa = PBXBuildFile; fileRef = 8493DB881D92C1B200AEA892 /* CoreLocation.framework */; };
		8493DB8B1D92C1BC00AEA892 /* Security.framework in Frameworks */ = {isa = PBXBuildFile; fileRef = 8493DB8A1D92C1BC00AEA892 /* Security.framework */; };
		8493DB8D1D92C1C800AEA892 /* CoreGraphics.framework in Frameworks */ = {isa = PBXBuildFile; fileRef = 8493DB8C1D92C1C800AEA892 /* CoreGraphics.framework */; };
		8493DB8F1D92C1D800AEA892 /* MobileCoreServices.framework in Frameworks */ = {isa = PBXBuildFile; fileRef = 8493DB8E1D92C1D800AEA892 /* MobileCoreServices.framework */; };
		8493DB911D92C1E800AEA892 /* CFNetwork.framework in Frameworks */ = {isa = PBXBuildFile; fileRef = 8493DB901D92C1E800AEA892 /* CFNetwork.framework */; };
		8493DB931D92C20200AEA892 /* CoreTelephony.framework in Frameworks */ = {isa = PBXBuildFile; fileRef = 8493DB921D92C20200AEA892 /* CoreTelephony.framework */; };
		8493DB951D92C21600AEA892 /* SystemConfiguration.framework in Frameworks */ = {isa = PBXBuildFile; fileRef = 8493DB941D92C21600AEA892 /* SystemConfiguration.framework */; };
		8493DB971D92C22600AEA892 /* libz.1.2.5.tbd in Frameworks */ = {isa = PBXBuildFile; fileRef = 8493DB961D92C22600AEA892 /* libz.1.2.5.tbd */; };
		8493DB991D92C23A00AEA892 /* libicucore.tbd in Frameworks */ = {isa = PBXBuildFile; fileRef = 8493DB981D92C23A00AEA892 /* libicucore.tbd */; };
		8493DB9B1D92C24F00AEA892 /* libsqlite3.tbd in Frameworks */ = {isa = PBXBuildFile; fileRef = 8493DB9A1D92C24F00AEA892 /* libsqlite3.tbd */; };
/* End PBXBuildFile section */

/* Begin PBXFileReference section */
		286398CD637809EF387531B1 /* Pods-YXVideoCapture.debug.xcconfig */ = {isa = PBXFileReference; includeInIndex = 1; lastKnownFileType = text.xcconfig; name = "Pods-YXVideoCapture.debug.xcconfig"; path = "Pods/Target Support Files/Pods-YXVideoCapture/Pods-YXVideoCapture.debug.xcconfig"; sourceTree = "<group>"; };
		42AB870E1D9371F7002BC66C /* Photos.framework */ = {isa = PBXFileReference; lastKnownFileType = wrapper.framework; name = Photos.framework; path = System/Library/Frameworks/Photos.framework; sourceTree = SDKROOT; };
		42AB87101D9377FB002BC66C /* AssetsLibrary.framework */ = {isa = PBXFileReference; lastKnownFileType = wrapper.framework; name = AssetsLibrary.framework; path = System/Library/Frameworks/AssetsLibrary.framework; sourceTree = SDKROOT; };
		42C2333E1D9284B500457144 /* CameraController.swift */ = {isa = PBXFileReference; fileEncoding = 4; lastKnownFileType = sourcecode.swift; path = CameraController.swift; sourceTree = "<group>"; };
		42C233401D92852400457144 /* PreviewView.swift */ = {isa = PBXFileReference; fileEncoding = 4; lastKnownFileType = sourcecode.swift; path = PreviewView.swift; sourceTree = "<group>"; };
		42C233421D92865400457144 /* AVFoundation.framework */ = {isa = PBXFileReference; lastKnownFileType = wrapper.framework; name = AVFoundation.framework; path = System/Library/Frameworks/AVFoundation.framework; sourceTree = SDKROOT; };
		42C233441D92865E00457144 /* AudioToolbox.framework */ = {isa = PBXFileReference; lastKnownFileType = wrapper.framework; name = AudioToolbox.framework; path = System/Library/Frameworks/AudioToolbox.framework; sourceTree = SDKROOT; };
		42C233471D92BD8C00457144 /* NSFileManager+THAdditions.h */ = {isa = PBXFileReference; fileEncoding = 4; lastKnownFileType = sourcecode.c.h; path = "NSFileManager+THAdditions.h"; sourceTree = "<group>"; };
		42C233481D92BD8C00457144 /* NSFileManager+THAdditions.m */ = {isa = PBXFileReference; fileEncoding = 4; lastKnownFileType = sourcecode.c.objc; path = "NSFileManager+THAdditions.m"; sourceTree = "<group>"; };
		8423C6CE1D90D7DB005CCCC9 /* YXBaseViewController.swift */ = {isa = PBXFileReference; fileEncoding = 4; lastKnownFileType = sourcecode.swift; path = YXBaseViewController.swift; sourceTree = "<group>"; };
		843C7C321D90345000FD8244 /* VCVideoPreviewsViewController.swift */ = {isa = PBXFileReference; fileEncoding = 4; lastKnownFileType = sourcecode.swift; path = VCVideoPreviewsViewController.swift; sourceTree = "<group>"; };
		843FC47E1D938CAF00AF61C3 /* YXHomeCollectionViewCell.swift */ = {isa = PBXFileReference; fileEncoding = 4; lastKnownFileType = sourcecode.swift; path = YXHomeCollectionViewCell.swift; sourceTree = "<group>"; };
		843FC4861D938F7000AF61C3 /* YXVideoCapture-Bridging-Header.h */ = {isa = PBXFileReference; lastKnownFileType = sourcecode.c.h; path = "YXVideoCapture-Bridging-Header.h"; sourceTree = "<group>"; };
		844D71E91D93FF6500341A1A /* 日记.txt */ = {isa = PBXFileReference; fileEncoding = 4; lastKnownFileType = text; path = "日记.txt"; sourceTree = "<group>"; };
		84697D931D8E885A0055656A /* YXVideoCapture.app */ = {isa = PBXFileReference; explicitFileType = wrapper.application; includeInIndex = 0; path = YXVideoCapture.app; sourceTree = BUILT_PRODUCTS_DIR; };
		84697D961D8E885A0055656A /* AppDelegate.swift */ = {isa = PBXFileReference; lastKnownFileType = sourcecode.swift; path = AppDelegate.swift; sourceTree = "<group>"; };
		84697D9B1D8E885A0055656A /* Base */ = {isa = PBXFileReference; lastKnownFileType = file.storyboard; name = Base; path = Base.lproj/Main.storyboard; sourceTree = "<group>"; };
		84697D9D1D8E885A0055656A /* Assets.xcassets */ = {isa = PBXFileReference; lastKnownFileType = folder.assetcatalog; path = Assets.xcassets; sourceTree = "<group>"; };
		84697DA01D8E885A0055656A /* Base */ = {isa = PBXFileReference; lastKnownFileType = file.storyboard; name = Base; path = Base.lproj/LaunchScreen.storyboard; sourceTree = "<group>"; };
		84697DA21D8E885A0055656A /* Info.plist */ = {isa = PBXFileReference; lastKnownFileType = text.plist.xml; path = Info.plist; sourceTree = "<group>"; };
		84697DA91D8E888B0055656A /* VCBaseNavigationViewController.swift */ = {isa = PBXFileReference; fileEncoding = 4; lastKnownFileType = sourcecode.swift; path = VCBaseNavigationViewController.swift; sourceTree = "<group>"; };
		84697DAA1D8E888B0055656A /* VCCamerViewController.swift */ = {isa = PBXFileReference; fileEncoding = 4; lastKnownFileType = sourcecode.swift; path = VCCamerViewController.swift; sourceTree = "<group>"; };
		84697DAB1D8E888B0055656A /* VCHomeViewController.swift */ = {isa = PBXFileReference; fileEncoding = 4; lastKnownFileType = sourcecode.swift; path = VCHomeViewController.swift; sourceTree = "<group>"; };
		84697DAC1D8E888B0055656A /* VCTabBarController.swift */ = {isa = PBXFileReference; fileEncoding = 4; lastKnownFileType = sourcecode.swift; path = VCTabBarController.swift; sourceTree = "<group>"; };
		84697DB21D8E889E0055656A /* VCTools.swift */ = {isa = PBXFileReference; fileEncoding = 4; lastKnownFileType = sourcecode.swift; path = VCTools.swift; sourceTree = "<group>"; };
		848E8BD81D94C6E400BE9B90 /* temp.mp4 */ = {isa = PBXFileReference; lastKnownFileType = file; path = temp.mp4; sourceTree = "<group>"; };
		848E8BDD1D94CAFB00BE9B90 /* VCLoginViewContoller.swift */ = {isa = PBXFileReference; fileEncoding = 4; lastKnownFileType = sourcecode.swift; path = VCLoginViewContoller.swift; sourceTree = "<group>"; };
		8493DB881D92C1B200AEA892 /* CoreLocation.framework */ = {isa = PBXFileReference; lastKnownFileType = wrapper.framework; name = CoreLocation.framework; path = System/Library/Frameworks/CoreLocation.framework; sourceTree = SDKROOT; };
		8493DB8A1D92C1BC00AEA892 /* Security.framework */ = {isa = PBXFileReference; lastKnownFileType = wrapper.framework; name = Security.framework; path = System/Library/Frameworks/Security.framework; sourceTree = SDKROOT; };
		8493DB8C1D92C1C800AEA892 /* CoreGraphics.framework */ = {isa = PBXFileReference; lastKnownFileType = wrapper.framework; name = CoreGraphics.framework; path = System/Library/Frameworks/CoreGraphics.framework; sourceTree = SDKROOT; };
		8493DB8E1D92C1D800AEA892 /* MobileCoreServices.framework */ = {isa = PBXFileReference; lastKnownFileType = wrapper.framework; name = MobileCoreServices.framework; path = System/Library/Frameworks/MobileCoreServices.framework; sourceTree = SDKROOT; };
		8493DB901D92C1E800AEA892 /* CFNetwork.framework */ = {isa = PBXFileReference; lastKnownFileType = wrapper.framework; name = CFNetwork.framework; path = System/Library/Frameworks/CFNetwork.framework; sourceTree = SDKROOT; };
		8493DB921D92C20200AEA892 /* CoreTelephony.framework */ = {isa = PBXFileReference; lastKnownFileType = wrapper.framework; name = CoreTelephony.framework; path = System/Library/Frameworks/CoreTelephony.framework; sourceTree = SDKROOT; };
		8493DB941D92C21600AEA892 /* SystemConfiguration.framework */ = {isa = PBXFileReference; lastKnownFileType = wrapper.framework; name = SystemConfiguration.framework; path = System/Library/Frameworks/SystemConfiguration.framework; sourceTree = SDKROOT; };
		8493DB961D92C22600AEA892 /* libz.1.2.5.tbd */ = {isa = PBXFileReference; lastKnownFileType = "sourcecode.text-based-dylib-definition"; name = libz.1.2.5.tbd; path = usr/lib/libz.1.2.5.tbd; sourceTree = SDKROOT; };
		8493DB981D92C23A00AEA892 /* libicucore.tbd */ = {isa = PBXFileReference; lastKnownFileType = "sourcecode.text-based-dylib-definition"; name = libicucore.tbd; path = usr/lib/libicucore.tbd; sourceTree = SDKROOT; };
		8493DB9A1D92C24F00AEA892 /* libsqlite3.tbd */ = {isa = PBXFileReference; lastKnownFileType = "sourcecode.text-based-dylib-definition"; name = libsqlite3.tbd; path = usr/lib/libsqlite3.tbd; sourceTree = SDKROOT; };
		89DBC3451D464B7F10415766 /* Pods-YXVideoCapture.release.xcconfig */ = {isa = PBXFileReference; includeInIndex = 1; lastKnownFileType = text.xcconfig; name = "Pods-YXVideoCapture.release.xcconfig"; path = "Pods/Target Support Files/Pods-YXVideoCapture/Pods-YXVideoCapture.release.xcconfig"; sourceTree = "<group>"; };
		B463DA807075BD5028F7737F /* Pods_YXVideoCapture.framework */ = {isa = PBXFileReference; explicitFileType = wrapper.framework; includeInIndex = 0; path = Pods_YXVideoCapture.framework; sourceTree = BUILT_PRODUCTS_DIR; };
/* End PBXFileReference section */

/* Begin PBXFrameworksBuildPhase section */
		84697D901D8E885A0055656A /* Frameworks */ = {
			isa = PBXFrameworksBuildPhase;
			buildActionMask = 2147483647;
			files = (
				42AB87111D9377FB002BC66C /* AssetsLibrary.framework in Frameworks */,
				42AB870F1D9371F7002BC66C /* Photos.framework in Frameworks */,
				42C233451D92865E00457144 /* AudioToolbox.framework in Frameworks */,
				42C233431D92865400457144 /* AVFoundation.framework in Frameworks */,
				8493DB9B1D92C24F00AEA892 /* libsqlite3.tbd in Frameworks */,
				8493DB991D92C23A00AEA892 /* libicucore.tbd in Frameworks */,
				8493DB971D92C22600AEA892 /* libz.1.2.5.tbd in Frameworks */,
				8493DB951D92C21600AEA892 /* SystemConfiguration.framework in Frameworks */,
				8493DB931D92C20200AEA892 /* CoreTelephony.framework in Frameworks */,
				8493DB911D92C1E800AEA892 /* CFNetwork.framework in Frameworks */,
				8493DB8F1D92C1D800AEA892 /* MobileCoreServices.framework in Frameworks */,
				8493DB8D1D92C1C800AEA892 /* CoreGraphics.framework in Frameworks */,
				8493DB8B1D92C1BC00AEA892 /* Security.framework in Frameworks */,
				8493DB891D92C1B200AEA892 /* CoreLocation.framework in Frameworks */,
				2918C33AC2DA7E0014EA3EEC /* Pods_YXVideoCapture.framework in Frameworks */,
			);
			runOnlyForDeploymentPostprocessing = 0;
		};
/* End PBXFrameworksBuildPhase section */

/* Begin PBXGroup section */
		42C2333D1D9284A500457144 /* Camera */ = {
			isa = PBXGroup;
			children = (
				42C233471D92BD8C00457144 /* NSFileManager+THAdditions.h */,
				42C233481D92BD8C00457144 /* NSFileManager+THAdditions.m */,
				42C233401D92852400457144 /* PreviewView.swift */,
				42C2333E1D9284B500457144 /* CameraController.swift */,
			);
			path = Camera;
			sourceTree = "<group>";
		};
		57217806BD40E3FF5B9C09CF /* Frameworks */ = {
			isa = PBXGroup;
			children = (
				42AB87101D9377FB002BC66C /* AssetsLibrary.framework */,
				42AB870E1D9371F7002BC66C /* Photos.framework */,
				42C233441D92865E00457144 /* AudioToolbox.framework */,
				42C233421D92865400457144 /* AVFoundation.framework */,
				8493DB9A1D92C24F00AEA892 /* libsqlite3.tbd */,
				8493DB981D92C23A00AEA892 /* libicucore.tbd */,
				8493DB961D92C22600AEA892 /* libz.1.2.5.tbd */,
				8493DB941D92C21600AEA892 /* SystemConfiguration.framework */,
				8493DB921D92C20200AEA892 /* CoreTelephony.framework */,
				8493DB901D92C1E800AEA892 /* CFNetwork.framework */,
				8493DB8E1D92C1D800AEA892 /* MobileCoreServices.framework */,
				8493DB8C1D92C1C800AEA892 /* CoreGraphics.framework */,
				8493DB8A1D92C1BC00AEA892 /* Security.framework */,
				8493DB881D92C1B200AEA892 /* CoreLocation.framework */,
				B463DA807075BD5028F7737F /* Pods_YXVideoCapture.framework */,
			);
			name = Frameworks;
			sourceTree = "<group>";
		};
		596875B39D1A1B8D77985ACF /* Pods */ = {
			isa = PBXGroup;
			children = (
				286398CD637809EF387531B1 /* Pods-YXVideoCapture.debug.xcconfig */,
				89DBC3451D464B7F10415766 /* Pods-YXVideoCapture.release.xcconfig */,
			);
			name = Pods;
			sourceTree = "<group>";
		};
		843FC47D1D938CA400AF61C3 /* VCView */ = {
			isa = PBXGroup;
			children = (
				843FC47E1D938CAF00AF61C3 /* YXHomeCollectionViewCell.swift */,
			);
			path = VCView;
			sourceTree = "<group>";
		};
		84697D8A1D8E885A0055656A = {
			isa = PBXGroup;
			children = (
				84697D951D8E885A0055656A /* YXVideoCapture */,
				84697D941D8E885A0055656A /* Products */,
				596875B39D1A1B8D77985ACF /* Pods */,
				57217806BD40E3FF5B9C09CF /* Frameworks */,
			);
			sourceTree = "<group>";
		};
		84697D941D8E885A0055656A /* Products */ = {
			isa = PBXGroup;
			children = (
				84697D931D8E885A0055656A /* YXVideoCapture.app */,
			);
			name = Products;
			sourceTree = "<group>";
		};
		84697D951D8E885A0055656A /* YXVideoCapture */ = {
			isa = PBXGroup;
			children = (
				848E8BD81D94C6E400BE9B90 /* temp.mp4 */,
				844D71E91D93FF6500341A1A /* 日记.txt */,
				843FC47D1D938CA400AF61C3 /* VCView */,
				42C2333D1D9284A500457144 /* Camera */,
				84697DB11D8E889E0055656A /* VCTools */,
				84697DA81D8E888B0055656A /* ViewControllers */,
				84697D961D8E885A0055656A /* AppDelegate.swift */,
				84697D9A1D8E885A0055656A /* Main.storyboard */,
				84697D9D1D8E885A0055656A /* Assets.xcassets */,
				84697D9F1D8E885A0055656A /* LaunchScreen.storyboard */,
				84697DA21D8E885A0055656A /* Info.plist */,
			);
			path = YXVideoCapture;
			sourceTree = "<group>";
		};
		84697DA81D8E888B0055656A /* ViewControllers */ = {
			isa = PBXGroup;
			children = (
				848E8BDC1D94CA9C00BE9B90 /* VCLoginViewControllers */,
				84697DA91D8E888B0055656A /* VCBaseNavigationViewController.swift */,
				84697DAA1D8E888B0055656A /* VCCamerViewController.swift */,
				84697DAB1D8E888B0055656A /* VCHomeViewController.swift */,
				84697DAC1D8E888B0055656A /* VCTabBarController.swift */,
				843C7C321D90345000FD8244 /* VCVideoPreviewsViewController.swift */,
				8423C6CE1D90D7DB005CCCC9 /* YXBaseViewController.swift */,
			);
			path = ViewControllers;
			sourceTree = "<group>";
		};
		84697DB11D8E889E0055656A /* VCTools */ = {
			isa = PBXGroup;
			children = (
				84697DB21D8E889E0055656A /* VCTools.swift */,
				843FC4861D938F7000AF61C3 /* YXVideoCapture-Bridging-Header.h */,
			);
			path = VCTools;
			sourceTree = "<group>";
		};
		848E8BDC1D94CA9C00BE9B90 /* VCLoginViewControllers */ = {
			isa = PBXGroup;
			children = (
				848E8BDD1D94CAFB00BE9B90 /* VCLoginViewContoller.swift */,
			);
			name = VCLoginViewControllers;
			path = VCLoginViewControllers/VCLoginViewControllers;
			sourceTree = "<group>";
		};
/* End PBXGroup section */

/* Begin PBXNativeTarget section */
		84697D921D8E885A0055656A /* YXVideoCapture */ = {
			isa = PBXNativeTarget;
			buildConfigurationList = 84697DA51D8E885A0055656A /* Build configuration list for PBXNativeTarget "YXVideoCapture" */;
			buildPhases = (
				C1DC20A4506FBC646A5EE836 /* 📦 Check Pods Manifest.lock */,
				84697D8F1D8E885A0055656A /* Sources */,
				84697D901D8E885A0055656A /* Frameworks */,
				84697D911D8E885A0055656A /* Resources */,
				9982B72E93C69265472110E2 /* 📦 Embed Pods Frameworks */,
				BCDA3C602263BBE234B392B1 /* 📦 Copy Pods Resources */,
			);
			buildRules = (
			);
			dependencies = (
			);
			name = YXVideoCapture;
			productName = YXVideoCapture;
			productReference = 84697D931D8E885A0055656A /* YXVideoCapture.app */;
			productType = "com.apple.product-type.application";
		};
/* End PBXNativeTarget section */

/* Begin PBXProject section */
		84697D8B1D8E885A0055656A /* Project object */ = {
			isa = PBXProject;
			attributes = {
				LastSwiftUpdateCheck = 0800;
				LastUpgradeCheck = 0800;
				ORGANIZATIONNAME = SYP;
				TargetAttributes = {
					84697D921D8E885A0055656A = {
						CreatedOnToolsVersion = 8.0;
						DevelopmentTeam = 85SE3FFNXF;
						LastSwiftMigration = 0800;
						ProvisioningStyle = Automatic;
					};
				};
			};
			buildConfigurationList = 84697D8E1D8E885A0055656A /* Build configuration list for PBXProject "YXVideoCapture" */;
			compatibilityVersion = "Xcode 3.2";
			developmentRegion = English;
			hasScannedForEncodings = 0;
			knownRegions = (
				en,
				Base,
			);
			mainGroup = 84697D8A1D8E885A0055656A;
			productRefGroup = 84697D941D8E885A0055656A /* Products */;
			projectDirPath = "";
			projectRoot = "";
			targets = (
				84697D921D8E885A0055656A /* YXVideoCapture */,
			);
		};
/* End PBXProject section */

/* Begin PBXResourcesBuildPhase section */
		84697D911D8E885A0055656A /* Resources */ = {
			isa = PBXResourcesBuildPhase;
			buildActionMask = 2147483647;
			files = (
				84697DA11D8E885A0055656A /* LaunchScreen.storyboard in Resources */,
				844D71EA1D93FF6500341A1A /* 日记.txt in Resources */,
				84697D9E1D8E885A0055656A /* Assets.xcassets in Resources */,
				848E8BD91D94C6E400BE9B90 /* temp.mp4 in Resources */,
				84697D9C1D8E885A0055656A /* Main.storyboard in Resources */,
			);
			runOnlyForDeploymentPostprocessing = 0;
		};
/* End PBXResourcesBuildPhase section */

/* Begin PBXShellScriptBuildPhase section */
		9982B72E93C69265472110E2 /* 📦 Embed Pods Frameworks */ = {
			isa = PBXShellScriptBuildPhase;
			buildActionMask = 2147483647;
			files = (
			);
			inputPaths = (
			);
			name = "📦 Embed Pods Frameworks";
			outputPaths = (
			);
			runOnlyForDeploymentPostprocessing = 0;
			shellPath = /bin/sh;
			shellScript = "\"${SRCROOT}/Pods/Target Support Files/Pods-YXVideoCapture/Pods-YXVideoCapture-frameworks.sh\"\n";
			showEnvVarsInLog = 0;
		};
		BCDA3C602263BBE234B392B1 /* 📦 Copy Pods Resources */ = {
			isa = PBXShellScriptBuildPhase;
			buildActionMask = 2147483647;
			files = (
			);
			inputPaths = (
			);
			name = "📦 Copy Pods Resources";
			outputPaths = (
			);
			runOnlyForDeploymentPostprocessing = 0;
			shellPath = /bin/sh;
			shellScript = "\"${SRCROOT}/Pods/Target Support Files/Pods-YXVideoCapture/Pods-YXVideoCapture-resources.sh\"\n";
			showEnvVarsInLog = 0;
		};
		C1DC20A4506FBC646A5EE836 /* 📦 Check Pods Manifest.lock */ = {
			isa = PBXShellScriptBuildPhase;
			buildActionMask = 2147483647;
			files = (
			);
			inputPaths = (
			);
			name = "📦 Check Pods Manifest.lock";
			outputPaths = (
			);
			runOnlyForDeploymentPostprocessing = 0;
			shellPath = /bin/sh;
			shellScript = "diff \"${PODS_ROOT}/../Podfile.lock\" \"${PODS_ROOT}/Manifest.lock\" > /dev/null\nif [[ $? != 0 ]] ; then\n    cat << EOM\nerror: The sandbox is not in sync with the Podfile.lock. Run 'pod install' or update your CocoaPods installation.\nEOM\n    exit 1\nfi\n";
			showEnvVarsInLog = 0;
		};
/* End PBXShellScriptBuildPhase section */

/* Begin PBXSourcesBuildPhase section */
		84697D8F1D8E885A0055656A /* Sources */ = {
			isa = PBXSourcesBuildPhase;
			buildActionMask = 2147483647;
			files = (
				84697DB41D8E889E0055656A /* VCTools.swift in Sources */,
				848E8BDE1D94CAFB00BE9B90 /* VCLoginViewContoller.swift in Sources */,
				84697DAF1D8E888B0055656A /* VCHomeViewController.swift in Sources */,
				8423C6CF1D90D7DB005CCCC9 /* YXBaseViewController.swift in Sources */,
				843C7C331D90345000FD8244 /* VCVideoPreviewsViewController.swift in Sources */,
				42C233411D92852400457144 /* PreviewView.swift in Sources */,
				84697DAD1D8E888B0055656A /* VCBaseNavigationViewController.swift in Sources */,
				42C233491D92BD8C00457144 /* NSFileManager+THAdditions.m in Sources */,
				42C2333F1D9284B500457144 /* CameraController.swift in Sources */,
				84697DAE1D8E888B0055656A /* VCCamerViewController.swift in Sources */,
				84697DB01D8E888B0055656A /* VCTabBarController.swift in Sources */,
				843FC47F1D938CAF00AF61C3 /* YXHomeCollectionViewCell.swift in Sources */,
				84697D971D8E885A0055656A /* AppDelegate.swift in Sources */,
			);
			runOnlyForDeploymentPostprocessing = 0;
		};
/* End PBXSourcesBuildPhase section */

/* Begin PBXVariantGroup section */
		84697D9A1D8E885A0055656A /* Main.storyboard */ = {
			isa = PBXVariantGroup;
			children = (
				84697D9B1D8E885A0055656A /* Base */,
			);
			name = Main.storyboard;
			sourceTree = "<group>";
		};
		84697D9F1D8E885A0055656A /* LaunchScreen.storyboard */ = {
			isa = PBXVariantGroup;
			children = (
				84697DA01D8E885A0055656A /* Base */,
			);
			name = LaunchScreen.storyboard;
			sourceTree = "<group>";
		};
/* End PBXVariantGroup section */

/* Begin XCBuildConfiguration section */
		84697DA31D8E885A0055656A /* Debug */ = {
			isa = XCBuildConfiguration;
			buildSettings = {
				ALWAYS_SEARCH_USER_PATHS = NO;
				CLANG_ANALYZER_NONNULL = YES;
				CLANG_CXX_LANGUAGE_STANDARD = "gnu++0x";
				CLANG_CXX_LIBRARY = "libc++";
				CLANG_ENABLE_MODULES = YES;
				CLANG_ENABLE_OBJC_ARC = YES;
				CLANG_WARN_BOOL_CONVERSION = YES;
				CLANG_WARN_CONSTANT_CONVERSION = YES;
				CLANG_WARN_DIRECT_OBJC_ISA_USAGE = YES_ERROR;
				CLANG_WARN_DOCUMENTATION_COMMENTS = YES;
				CLANG_WARN_EMPTY_BODY = YES;
				CLANG_WARN_ENUM_CONVERSION = YES;
				CLANG_WARN_INFINITE_RECURSION = YES;
				CLANG_WARN_INT_CONVERSION = YES;
				CLANG_WARN_OBJC_ROOT_CLASS = YES_ERROR;
				CLANG_WARN_SUSPICIOUS_MOVES = YES;
				CLANG_WARN_UNREACHABLE_CODE = YES;
				CLANG_WARN__DUPLICATE_METHOD_MATCH = YES;
				"CODE_SIGN_IDENTITY[sdk=iphoneos*]" = "iPhone Developer";
				COPY_PHASE_STRIP = NO;
				DEBUG_INFORMATION_FORMAT = dwarf;
				ENABLE_STRICT_OBJC_MSGSEND = YES;
				ENABLE_TESTABILITY = YES;
				GCC_C_LANGUAGE_STANDARD = gnu99;
				GCC_DYNAMIC_NO_PIC = NO;
				GCC_NO_COMMON_BLOCKS = YES;
				GCC_OPTIMIZATION_LEVEL = 0;
				GCC_PREPROCESSOR_DEFINITIONS = (
					"DEBUG=1",
					"$(inherited)",
				);
				GCC_WARN_64_TO_32_BIT_CONVERSION = YES;
				GCC_WARN_ABOUT_RETURN_TYPE = YES_ERROR;
				GCC_WARN_UNDECLARED_SELECTOR = YES;
				GCC_WARN_UNINITIALIZED_AUTOS = YES_AGGRESSIVE;
				GCC_WARN_UNUSED_FUNCTION = YES;
				GCC_WARN_UNUSED_VARIABLE = YES;
				IPHONEOS_DEPLOYMENT_TARGET = 10.0;
				MTL_ENABLE_DEBUG_INFO = YES;
				ONLY_ACTIVE_ARCH = YES;
				SDKROOT = iphoneos;
				SWIFT_ACTIVE_COMPILATION_CONDITIONS = DEBUG;
				SWIFT_OPTIMIZATION_LEVEL = "-Onone";
				TARGETED_DEVICE_FAMILY = "1,2";
			};
			name = Debug;
		};
		84697DA41D8E885A0055656A /* Release */ = {
			isa = XCBuildConfiguration;
			buildSettings = {
				ALWAYS_SEARCH_USER_PATHS = NO;
				CLANG_ANALYZER_NONNULL = YES;
				CLANG_CXX_LANGUAGE_STANDARD = "gnu++0x";
				CLANG_CXX_LIBRARY = "libc++";
				CLANG_ENABLE_MODULES = YES;
				CLANG_ENABLE_OBJC_ARC = YES;
				CLANG_WARN_BOOL_CONVERSION = YES;
				CLANG_WARN_CONSTANT_CONVERSION = YES;
				CLANG_WARN_DIRECT_OBJC_ISA_USAGE = YES_ERROR;
				CLANG_WARN_DOCUMENTATION_COMMENTS = YES;
				CLANG_WARN_EMPTY_BODY = YES;
				CLANG_WARN_ENUM_CONVERSION = YES;
				CLANG_WARN_INFINITE_RECURSION = YES;
				CLANG_WARN_INT_CONVERSION = YES;
				CLANG_WARN_OBJC_ROOT_CLASS = YES_ERROR;
				CLANG_WARN_SUSPICIOUS_MOVES = YES;
				CLANG_WARN_UNREACHABLE_CODE = YES;
				CLANG_WARN__DUPLICATE_METHOD_MATCH = YES;
				"CODE_SIGN_IDENTITY[sdk=iphoneos*]" = "iPhone Developer";
				COPY_PHASE_STRIP = NO;
				DEBUG_INFORMATION_FORMAT = "dwarf-with-dsym";
				ENABLE_NS_ASSERTIONS = NO;
				ENABLE_STRICT_OBJC_MSGSEND = YES;
				GCC_C_LANGUAGE_STANDARD = gnu99;
				GCC_NO_COMMON_BLOCKS = YES;
				GCC_WARN_64_TO_32_BIT_CONVERSION = YES;
				GCC_WARN_ABOUT_RETURN_TYPE = YES_ERROR;
				GCC_WARN_UNDECLARED_SELECTOR = YES;
				GCC_WARN_UNINITIALIZED_AUTOS = YES_AGGRESSIVE;
				GCC_WARN_UNUSED_FUNCTION = YES;
				GCC_WARN_UNUSED_VARIABLE = YES;
				IPHONEOS_DEPLOYMENT_TARGET = 10.0;
				MTL_ENABLE_DEBUG_INFO = NO;
				SDKROOT = iphoneos;
				SWIFT_OPTIMIZATION_LEVEL = "-Owholemodule";
				TARGETED_DEVICE_FAMILY = "1,2";
				VALIDATE_PRODUCT = YES;
			};
			name = Release;
		};
		84697DA61D8E885A0055656A /* Debug */ = {
			isa = XCBuildConfiguration;
			baseConfigurationReference = 286398CD637809EF387531B1 /* Pods-YXVideoCapture.debug.xcconfig */;
			buildSettings = {
				ASSETCATALOG_COMPILER_APPICON_NAME = AppIcon;
				CLANG_ENABLE_MODULES = YES;
				"CODE_SIGN_IDENTITY[sdk=iphoneos*]" = "iPhone Developer";
				DEVELOPMENT_TEAM = 85SE3FFNXF;
				INFOPLIST_FILE = YXVideoCapture/Info.plist;
				IPHONEOS_DEPLOYMENT_TARGET = 10.0;
				LD_RUNPATH_SEARCH_PATHS = "$(inherited) @executable_path/Frameworks";
				PRODUCT_BUNDLE_IDENTIFIER = com.wc.videocapture;
				PRODUCT_NAME = "$(TARGET_NAME)";
				SWIFT_OBJC_BRIDGING_HEADER = "YXVideoCapture/VCTools/YXVideoCapture-Bridging-Header.h";
				SWIFT_OPTIMIZATION_LEVEL = "-Onone";
				SWIFT_VERSION = 3.0;
				TARGETED_DEVICE_FAMILY = 1;
			};
			name = Debug;
		};
		84697DA71D8E885A0055656A /* Release */ = {
			isa = XCBuildConfiguration;
			baseConfigurationReference = 89DBC3451D464B7F10415766 /* Pods-YXVideoCapture.release.xcconfig */;
			buildSettings = {
				ASSETCATALOG_COMPILER_APPICON_NAME = AppIcon;
				CLANG_ENABLE_MODULES = YES;
				"CODE_SIGN_IDENTITY[sdk=iphoneos*]" = "iPhone Developer";
				DEVELOPMENT_TEAM = 85SE3FFNXF;
				INFOPLIST_FILE = YXVideoCapture/Info.plist;
				IPHONEOS_DEPLOYMENT_TARGET = 10.0;
				LD_RUNPATH_SEARCH_PATHS = "$(inherited) @executable_path/Frameworks";
				PRODUCT_BUNDLE_IDENTIFIER = com.wc.videocapture;
				PRODUCT_NAME = "$(TARGET_NAME)";
				SWIFT_OBJC_BRIDGING_HEADER = "YXVideoCapture/VCTools/YXVideoCapture-Bridging-Header.h";
				SWIFT_VERSION = 3.0;
				TARGETED_DEVICE_FAMILY = 1;
			};
			name = Release;
		};
/* End XCBuildConfiguration section */

/* Begin XCConfigurationList section */
		84697D8E1D8E885A0055656A /* Build configuration list for PBXProject "YXVideoCapture" */ = {
			isa = XCConfigurationList;
			buildConfigurations = (
				84697DA31D8E885A0055656A /* Debug */,
				84697DA41D8E885A0055656A /* Release */,
			);
			defaultConfigurationIsVisible = 0;
			defaultConfigurationName = Release;
		};
		84697DA51D8E885A0055656A /* Build configuration list for PBXNativeTarget "YXVideoCapture" */ = {
			isa = XCConfigurationList;
			buildConfigurations = (
				84697DA61D8E885A0055656A /* Debug */,
				84697DA71D8E885A0055656A /* Release */,
			);
			defaultConfigurationIsVisible = 0;
			defaultConfigurationName = Release;
		};
/* End XCConfigurationList section */
	};
	rootObject = 84697D8B1D8E885A0055656A /* Project object */;
}
