// !$*UTF8*$!
{
	archiveVersion = 1;
	classes = {
	};
	objectVersion = 46;
	objects = {

/* Begin PBXBuildFile section */
		84697D971D8E885A0055656A /* AppDelegate.swift in Sources */ = {isa = PBXBuildFile; fileRef = 84697D961D8E885A0055656A /* AppDelegate.swift */; };
		84697D991D8E885A0055656A /* ViewController.swift in Sources */ = {isa = PBXBuildFile; fileRef = 84697D981D8E885A0055656A /* ViewController.swift */; };
		84697D9C1D8E885A0055656A /* Main.storyboard in Resources */ = {isa = PBXBuildFile; fileRef = 84697D9A1D8E885A0055656A /* Main.storyboard */; };
		84697D9E1D8E885A0055656A /* Assets.xcassets in Resources */ = {isa = PBXBuildFile; fileRef = 84697D9D1D8E885A0055656A /* Assets.xcassets */; };
		84697DA11D8E885A0055656A /* LaunchScreen.storyboard in Resources */ = {isa = PBXBuildFile; fileRef = 84697D9F1D8E885A0055656A /* LaunchScreen.storyboard */; };
		84697DAD1D8E888B0055656A /* VCBaseNavigationViewController.swift in Sources */ = {isa = PBXBuildFile; fileRef = 84697DA91D8E888B0055656A /* VCBaseNavigationViewController.swift */; };
		84697DAE1D8E888B0055656A /* VCCamerViewController.swift in Sources */ = {isa = PBXBuildFile; fileRef = 84697DAA1D8E888B0055656A /* VCCamerViewController.swift */; };
		84697DAF1D8E888B0055656A /* VCHomeViewController.swift in Sources */ = {isa = PBXBuildFile; fileRef = 84697DAB1D8E888B0055656A /* VCHomeViewController.swift */; };
		84697DB01D8E888B0055656A /* VCTabBarController.swift in Sources */ = {isa = PBXBuildFile; fileRef = 84697DAC1D8E888B0055656A /* VCTabBarController.swift */; };
		84697DB41D8E889E0055656A /* VCTools.swift in Sources */ = {isa = PBXBuildFile; fileRef = 84697DB21D8E889E0055656A /* VCTools.swift */; };
/* End PBXBuildFile section */

/* Begin PBXFileReference section */
		84697D931D8E885A0055656A /* YXVideoCapture.app */ = {isa = PBXFileReference; explicitFileType = wrapper.application; includeInIndex = 0; path = YXVideoCapture.app; sourceTree = BUILT_PRODUCTS_DIR; };
		84697D961D8E885A0055656A /* AppDelegate.swift */ = {isa = PBXFileReference; lastKnownFileType = sourcecode.swift; path = AppDelegate.swift; sourceTree = "<group>"; };
		84697D981D8E885A0055656A /* ViewController.swift */ = {isa = PBXFileReference; lastKnownFileType = sourcecode.swift; path = ViewController.swift; sourceTree = "<group>"; };
		84697D9B1D8E885A0055656A /* Base */ = {isa = PBXFileReference; lastKnownFileType = file.storyboard; name = Base; path = Base.lproj/Main.storyboard; sourceTree = "<group>"; };
		84697D9D1D8E885A0055656A /* Assets.xcassets */ = {isa = PBXFileReference; lastKnownFileType = folder.assetcatalog; path = Assets.xcassets; sourceTree = "<group>"; };
		84697DA01D8E885A0055656A /* Base */ = {isa = PBXFileReference; lastKnownFileType = file.storyboard; name = Base; path = Base.lproj/LaunchScreen.storyboard; sourceTree = "<group>"; };
		84697DA21D8E885A0055656A /* Info.plist */ = {isa = PBXFileReference; lastKnownFileType = text.plist.xml; path = Info.plist; sourceTree = "<group>"; };
		84697DA91D8E888B0055656A /* VCBaseNavigationViewController.swift */ = {isa = PBXFileReference; fileEncoding = 4; lastKnownFileType = sourcecode.swift; path = VCBaseNavigationViewController.swift; sourceTree = "<group>"; };
		84697DAA1D8E888B0055656A /* VCCamerViewController.swift */ = {isa = PBXFileReference; fileEncoding = 4; lastKnownFileType = sourcecode.swift; path = VCCamerViewController.swift; sourceTree = "<group>"; };
		84697DAB1D8E888B0055656A /* VCHomeViewController.swift */ = {isa = PBXFileReference; fileEncoding = 4; lastKnownFileType = sourcecode.swift; path = VCHomeViewController.swift; sourceTree = "<group>"; };
		84697DAC1D8E888B0055656A /* VCTabBarController.swift */ = {isa = PBXFileReference; fileEncoding = 4; lastKnownFileType = sourcecode.swift; path = VCTabBarController.swift; sourceTree = "<group>"; };
		84697DB21D8E889E0055656A /* VCTools.swift */ = {isa = PBXFileReference; fileEncoding = 4; lastKnownFileType = sourcecode.swift; path = VCTools.swift; sourceTree = "<group>"; };
		84697DB31D8E889E0055656A /* VideoCapture-Bridging-Header.h */ = {isa = PBXFileReference; fileEncoding = 4; lastKnownFileType = sourcecode.c.h; path = "VideoCapture-Bridging-Header.h"; sourceTree = "<group>"; };
/* End PBXFileReference section */

/* Begin PBXFrameworksBuildPhase section */
		84697D901D8E885A0055656A /* Frameworks */ = {
			isa = PBXFrameworksBuildPhase;
			buildActionMask = 2147483647;
			files = (
			);
			runOnlyForDeploymentPostprocessing = 0;
		};
/* End PBXFrameworksBuildPhase section */

/* Begin PBXGroup section */
		84697D8A1D8E885A0055656A = {
			isa = PBXGroup;
			children = (
				84697D951D8E885A0055656A /* YXVideoCapture */,
				84697D941D8E885A0055656A /* Products */,
			);
			sourceTree = "<group>";
		};
		84697D941D8E885A0055656A /* Products */ = {
			isa = PBXGroup;
			children = (
				84697D931D8E885A0055656A /* YXVideoCapture.app */,
			);
			name = Products;
			sourceTree = "<group>";
		};
		84697D951D8E885A0055656A /* YXVideoCapture */ = {
			isa = PBXGroup;
			children = (
				84697DB11D8E889E0055656A /* VCTools */,
				84697DA81D8E888B0055656A /* ViewControllers */,
				84697D961D8E885A0055656A /* AppDelegate.swift */,
				84697D981D8E885A0055656A /* ViewController.swift */,
				84697D9A1D8E885A0055656A /* Main.storyboard */,
				84697D9D1D8E885A0055656A /* Assets.xcassets */,
				84697D9F1D8E885A0055656A /* LaunchScreen.storyboard */,
				84697DA21D8E885A0055656A /* Info.plist */,
			);
			path = YXVideoCapture;
			sourceTree = "<group>";
		};
		84697DA81D8E888B0055656A /* ViewControllers */ = {
			isa = PBXGroup;
			children = (
				84697DA91D8E888B0055656A /* VCBaseNavigationViewController.swift */,
				84697DAA1D8E888B0055656A /* VCCamerViewController.swift */,
				84697DAB1D8E888B0055656A /* VCHomeViewController.swift */,
				84697DAC1D8E888B0055656A /* VCTabBarController.swift */,
			);
			path = ViewControllers;
			sourceTree = "<group>";
		};
		84697DB11D8E889E0055656A /* VCTools */ = {
			isa = PBXGroup;
			children = (
				84697DB21D8E889E0055656A /* VCTools.swift */,
				84697DB31D8E889E0055656A /* VideoCapture-Bridging-Header.h */,
			);
			path = VCTools;
			sourceTree = "<group>";
		};
/* End PBXGroup section */

/* Begin PBXNativeTarget section */
		84697D921D8E885A0055656A /* YXVideoCapture */ = {
			isa = PBXNativeTarget;
			buildConfigurationList = 84697DA51D8E885A0055656A /* Build configuration list for PBXNativeTarget "YXVideoCapture" */;
			buildPhases = (
				84697D8F1D8E885A0055656A /* Sources */,
				84697D901D8E885A0055656A /* Frameworks */,
				84697D911D8E885A0055656A /* Resources */,
			);
			buildRules = (
			);
			dependencies = (
			);
			name = YXVideoCapture;
			productName = YXVideoCapture;
			productReference = 84697D931D8E885A0055656A /* YXVideoCapture.app */;
			productType = "com.apple.product-type.application";
		};
/* End PBXNativeTarget section */

/* Begin PBXProject section */
		84697D8B1D8E885A0055656A /* Project object */ = {
			isa = PBXProject;
			attributes = {
				LastSwiftUpdateCheck = 0800;
				LastUpgradeCheck = 0800;
				ORGANIZATIONNAME = SYP;
				TargetAttributes = {
					84697D921D8E885A0055656A = {
						CreatedOnToolsVersion = 8.0;
						ProvisioningStyle = Automatic;
					};
				};
			};
			buildConfigurationList = 84697D8E1D8E885A0055656A /* Build configuration list for PBXProject "YXVideoCapture" */;
			compatibilityVersion = "Xcode 3.2";
			developmentRegion = English;
			hasScannedForEncodings = 0;
			knownRegions = (
				en,
				Base,
			);
			mainGroup = 84697D8A1D8E885A0055656A;
			productRefGroup = 84697D941D8E885A0055656A /* Products */;
			projectDirPath = "";
			projectRoot = "";
			targets = (
				84697D921D8E885A0055656A /* YXVideoCapture */,
			);
		};
/* End PBXProject section */

/* Begin PBXResourcesBuildPhase section */
		84697D911D8E885A0055656A /* Resources */ = {
			isa = PBXResourcesBuildPhase;
			buildActionMask = 2147483647;
			files = (
				84697DA11D8E885A0055656A /* LaunchScreen.storyboard in Resources */,
				84697D9E1D8E885A0055656A /* Assets.xcassets in Resources */,
				84697D9C1D8E885A0055656A /* Main.storyboard in Resources */,
			);
			runOnlyForDeploymentPostprocessing = 0;
		};
/* End PBXResourcesBuildPhase section */

/* Begin PBXSourcesBuildPhase section */
		84697D8F1D8E885A0055656A /* Sources */ = {
			isa = PBXSourcesBuildPhase;
			buildActionMask = 2147483647;
			files = (
				84697DB41D8E889E0055656A /* VCTools.swift in Sources */,
				84697DAF1D8E888B0055656A /* VCHomeViewController.swift in Sources */,
				84697D991D8E885A0055656A /* ViewController.swift in Sources */,
				84697DAD1D8E888B0055656A /* VCBaseNavigationViewController.swift in Sources */,
				84697DAE1D8E888B0055656A /* VCCamerViewController.swift in Sources */,
				84697DB01D8E888B0055656A /* VCTabBarController.swift in Sources */,
				84697D971D8E885A0055656A /* AppDelegate.swift in Sources */,
			);
			runOnlyForDeploymentPostprocessing = 0;
		};
/* End PBXSourcesBuildPhase section */

/* Begin PBXVariantGroup section */
		84697D9A1D8E885A0055656A /* Main.storyboard */ = {
			isa = PBXVariantGroup;
			children = (
				84697D9B1D8E885A0055656A /* Base */,
			);
			name = Main.storyboard;
			sourceTree = "<group>";
		};
		84697D9F1D8E885A0055656A /* LaunchScreen.storyboard */ = {
			isa = PBXVariantGroup;
			children = (
				84697DA01D8E885A0055656A /* Base */,
			);
			name = LaunchScreen.storyboard;
			sourceTree = "<group>";
		};
/* End PBXVariantGroup section */

/* Begin XCBuildConfiguration section */
		84697DA31D8E885A0055656A /* Debug */ = {
			isa = XCBuildConfiguration;
			buildSettings = {
				ALWAYS_SEARCH_USER_PATHS = NO;
				CLANG_ANALYZER_NONNULL = YES;
				CLANG_CXX_LANGUAGE_STANDARD = "gnu++0x";
				CLANG_CXX_LIBRARY = "libc++";
				CLANG_ENABLE_MODULES = YES;
				CLANG_ENABLE_OBJC_ARC = YES;
				CLANG_WARN_BOOL_CONVERSION = YES;
				CLANG_WARN_CONSTANT_CONVERSION = YES;
				CLANG_WARN_DIRECT_OBJC_ISA_USAGE = YES_ERROR;
				CLANG_WARN_DOCUMENTATION_COMMENTS = YES;
				CLANG_WARN_EMPTY_BODY = YES;
				CLANG_WARN_ENUM_CONVERSION = YES;
				CLANG_WARN_INFINITE_RECURSION = YES;
				CLANG_WARN_INT_CONVERSION = YES;
				CLANG_WARN_OBJC_ROOT_CLASS = YES_ERROR;
				CLANG_WARN_SUSPICIOUS_MOVES = YES;
				CLANG_WARN_UNREACHABLE_CODE = YES;
				CLANG_WARN__DUPLICATE_METHOD_MATCH = YES;
				"CODE_SIGN_IDENTITY[sdk=iphoneos*]" = "iPhone Developer";
				COPY_PHASE_STRIP = NO;
				DEBUG_INFORMATION_FORMAT = dwarf;
				ENABLE_STRICT_OBJC_MSGSEND = YES;
				ENABLE_TESTABILITY = YES;
				GCC_C_LANGUAGE_STANDARD = gnu99;
				GCC_DYNAMIC_NO_PIC = NO;
				GCC_NO_COMMON_BLOCKS = YES;
				GCC_OPTIMIZATION_LEVEL = 0;
				GCC_PREPROCESSOR_DEFINITIONS = (
					"DEBUG=1",
					"$(inherited)",
				);
				GCC_WARN_64_TO_32_BIT_CONVERSION = YES;
				GCC_WARN_ABOUT_RETURN_TYPE = YES_ERROR;
				GCC_WARN_UNDECLARED_SELECTOR = YES;
				GCC_WARN_UNINITIALIZED_AUTOS = YES_AGGRESSIVE;
				GCC_WARN_UNUSED_FUNCTION = YES;
				GCC_WARN_UNUSED_VARIABLE = YES;
				IPHONEOS_DEPLOYMENT_TARGET = 10.0;
				MTL_ENABLE_DEBUG_INFO = YES;
				ONLY_ACTIVE_ARCH = YES;
				SDKROOT = iphoneos;
				SWIFT_ACTIVE_COMPILATION_CONDITIONS = DEBUG;
				SWIFT_OPTIMIZATION_LEVEL = "-Onone";
				TARGETED_DEVICE_FAMILY = "1,2";
			};
			name = Debug;
		};
		84697DA41D8E885A0055656A /* Release */ = {
			isa = XCBuildConfiguration;
			buildSettings = {
				ALWAYS_SEARCH_USER_PATHS = NO;
				CLANG_ANALYZER_NONNULL = YES;
				CLANG_CXX_LANGUAGE_STANDARD = "gnu++0x";
				CLANG_CXX_LIBRARY = "libc++";
				CLANG_ENABLE_MODULES = YES;
				CLANG_ENABLE_OBJC_ARC = YES;
				CLANG_WARN_BOOL_CONVERSION = YES;
				CLANG_WARN_CONSTANT_CONVERSION = YES;
				CLANG_WARN_DIRECT_OBJC_ISA_USAGE = YES_ERROR;
				CLANG_WARN_DOCUMENTATION_COMMENTS = YES;
				CLANG_WARN_EMPTY_BODY = YES;
				CLANG_WARN_ENUM_CONVERSION = YES;
				CLANG_WARN_INFINITE_RECURSION = YES;
				CLANG_WARN_INT_CONVERSION = YES;
				CLANG_WARN_OBJC_ROOT_CLASS = YES_ERROR;
				CLANG_WARN_SUSPICIOUS_MOVES = YES;
				CLANG_WARN_UNREACHABLE_CODE = YES;
				CLANG_WARN__DUPLICATE_METHOD_MATCH = YES;
				"CODE_SIGN_IDENTITY[sdk=iphoneos*]" = "iPhone Developer";
				COPY_PHASE_STRIP = NO;
				DEBUG_INFORMATION_FORMAT = "dwarf-with-dsym";
				ENABLE_NS_ASSERTIONS = NO;
				ENABLE_STRICT_OBJC_MSGSEND = YES;
				GCC_C_LANGUAGE_STANDARD = gnu99;
				GCC_NO_COMMON_BLOCKS = YES;
				GCC_WARN_64_TO_32_BIT_CONVERSION = YES;
				GCC_WARN_ABOUT_RETURN_TYPE = YES_ERROR;
				GCC_WARN_UNDECLARED_SELECTOR = YES;
				GCC_WARN_UNINITIALIZED_AUTOS = YES_AGGRESSIVE;
				GCC_WARN_UNUSED_FUNCTION = YES;
				GCC_WARN_UNUSED_VARIABLE = YES;
				IPHONEOS_DEPLOYMENT_TARGET = 10.0;
				MTL_ENABLE_DEBUG_INFO = NO;
				SDKROOT = iphoneos;
				SWIFT_OPTIMIZATION_LEVEL = "-Owholemodule";
				TARGETED_DEVICE_FAMILY = "1,2";
				VALIDATE_PRODUCT = YES;
			};
			name = Release;
		};
		84697DA61D8E885A0055656A /* Debug */ = {
			isa = XCBuildConfiguration;
			buildSettings = {
				ASSETCATALOG_COMPILER_APPICON_NAME = AppIcon;
				INFOPLIST_FILE = YXVideoCapture/Info.plist;
				LD_RUNPATH_SEARCH_PATHS = "$(inherited) @executable_path/Frameworks";
				PRODUCT_BUNDLE_IDENTIFIER = SYP.YXVideoCapture;
				PRODUCT_NAME = "$(TARGET_NAME)";
				SWIFT_VERSION = 3.0;
			};
			name = Debug;
		};
		84697DA71D8E885A0055656A /* Release */ = {
			isa = XCBuildConfiguration;
			buildSettings = {
				ASSETCATALOG_COMPILER_APPICON_NAME = AppIcon;
				INFOPLIST_FILE = YXVideoCapture/Info.plist;
				LD_RUNPATH_SEARCH_PATHS = "$(inherited) @executable_path/Frameworks";
				PRODUCT_BUNDLE_IDENTIFIER = SYP.YXVideoCapture;
				PRODUCT_NAME = "$(TARGET_NAME)";
				SWIFT_VERSION = 3.0;
			};
			name = Release;
		};
/* End XCBuildConfiguration section */

/* Begin XCConfigurationList section */
		84697D8E1D8E885A0055656A /* Build configuration list for PBXProject "YXVideoCapture" */ = {
			isa = XCConfigurationList;
			buildConfigurations = (
				84697DA31D8E885A0055656A /* Debug */,
				84697DA41D8E885A0055656A /* Release */,
			);
			defaultConfigurationIsVisible = 0;
			defaultConfigurationName = Release;
		};
		84697DA51D8E885A0055656A /* Build configuration list for PBXNativeTarget "YXVideoCapture" */ = {
			isa = XCConfigurationList;
			buildConfigurations = (
				84697DA61D8E885A0055656A /* Debug */,
				84697DA71D8E885A0055656A /* Release */,
			);
			defaultConfigurationIsVisible = 0;
		};
/* End XCConfigurationList section */
	};
	rootObject = 84697D8B1D8E885A0055656A /* Project object */;
}
